{
  "name": "pi-extensions",
  "lockfileVersion": 3,
  "requires": true,
  "packages": {
    "": {
      "name": "pi-extensions",
      "dependencies": {
        "@ff-labs/pi-fff": "^0.10.3",
        "@juicesharp/rpiv-ask-user-question": "^2.4.0",
        "pi-lens": "^3.8.74",
        "pi-tool-repair": "^0.2.0",
        "pi-vim": "^0.14.1",
        "pi-zentui": "^0.19.0"
      }
    },
    "node_modules/@ast-grep/cli": {
      "version": "0.45.1",
      "resolved": "https://registry.npmjs.org/@ast-grep/cli/-/cli-0.45.1.tgz",
      "integrity": "sha512-Bt9Vuqd+gmtwERy1kzj5R9yq96Ws1d2ZukEXy0mzLcJ+S0pU9uaJhETUSTmaHro1LNu9G4GeJ3YOXL1gQRQySA==",
      "hasInstallScript": true,
      "license": "MIT",
      "dependencies": {
        "detect-libc": "2.1.2"
      },
      "bin": {
        "ast-grep": "ast-grep",
        "sg": "sg"
      },
      "engines": {
        "node": ">= 12.0.0"
      },
      "optionalDependencies": {
        "@ast-grep/cli-darwin-arm64": "0.45.1",
        "@ast-grep/cli-darwin-x64": "0.45.1",
        "@ast-grep/cli-linux-arm64-gnu": "0.45.1",
        "@ast-grep/cli-linux-x64-gnu": "0.45.1",
        "@ast-grep/cli-win32-arm64-msvc": "0.45.1",
        "@ast-grep/cli-win32-ia32-msvc": "0.45.1",
        "@ast-grep/cli-win32-x64-msvc": "0.45.1"
      }
    },
    "node_modules/@ast-grep/cli-darwin-arm64": {
      "version": "0.45.1",
      "resolved": "https://registry.npmjs.org/@ast-grep/cli-darwin-arm64/-/cli-darwin-arm64-0.45.1.tgz",
      "integrity": "sha512-hN/TDTvfry106SWn0pxepxFpAOvibuZJ80J5xU80WmY97Vjdc0cSKd49GBz2F+V8bzqn0SXchnoPXKLSJHB9kA==",
      "cpu": [
        "arm64"
      ],
      "license": "MIT",
      "optional": true,
      "os": [
        "darwin"
      ],
      "engines": {
        "node": ">= 10"
      }
    },
    "node_modules/@ast-grep/cli-darwin-x64": {
      "version": "0.45.1",
      "resolved": "https://registry.npmjs.org/@ast-grep/cli-darwin-x64/-/cli-darwin-x64-0.45.1.tgz",
      "integrity": "sha512-wyQ8hXqNwTC6+4KYf4LvmemNyq+iKXfimXVKS9ZDJ8mE7/3VOuynPVuCFB7h+C5rVErzDJ9tZWwLLpSLnpYuhQ==",
      "cpu": [
        "x64"
      ],
      "license": "MIT",
      "optional": true,
      "os": [
        "darwin"
      ],
      "engines": {
        "node": ">= 10"
      }
    },
    "node_modules/@ast-grep/cli-linux-arm64-gnu": {
      "version": "0.45.1",
      "resolved": "https://registry.npmjs.org/@ast-grep/cli-linux-arm64-gnu/-/cli-linux-arm64-gnu-0.45.1.tgz",
      "integrity": "sha512-yhIGIXDcvI7v4hLicA1dtvkf+QJ8WA8f/b/066gVhqhimiBgbdONkavrE3P5iOjwMLhfyTF0cQV9rkiKg93fvQ==",
      "cpu": [
        "arm64"
      ],
      "libc": [
        "glibc"
      ],
      "license": "MIT",
      "optional": true,
      "os": [
        "linux"
      ],
      "engines": {
        "node": ">= 10"
      }
    },
    "node_modules/@ast-grep/cli-linux-x64-gnu": {
      "version": "0.45.1",
      "resolved": "https://registry.npmjs.org/@ast-grep/cli-linux-x64-gnu/-/cli-linux-x64-gnu-0.45.1.tgz",
      "integrity": "sha512-vL6zdHagU3znogJN5KuZWECdTw9dTUf6/e5G5k9bNpvI+0gcrfuJj8hH8o/Wqyb5Qd4tuNdgJMwbHDTFbhtYvg==",
      "cpu": [
        "x64"
      ],
      "libc": [
        "glibc"
      ],
      "license": "MIT",
      "optional": true,
      "os": [
        "linux"
      ],
      "engines": {
        "node": ">= 10"
      }
    },
    "node_modules/@ast-grep/cli-win32-arm64-msvc": {
      "version": "0.45.1",
      "resolved": "https://registry.npmjs.org/@ast-grep/cli-win32-arm64-msvc/-/cli-win32-arm64-msvc-0.45.1.tgz",
      "integrity": "sha512-JzOFnMAk+Wd6ApnP96Fam7eJX5JiV5/V09akzc/p129Ko1tmym7w/1oALuyVMV+unRTepj9XRrtfrF3XZG64lQ==",
      "cpu": [
        "arm64"
      ],
      "license": "MIT",
      "optional": true,
      "os": [
        "win32"
      ],
      "engines": {
        "node": ">= 10"
      }
    },
    "node_modules/@ast-grep/cli-win32-ia32-msvc": {
      "version": "0.45.1",
      "resolved": "https://registry.npmjs.org/@ast-grep/cli-win32-ia32-msvc/-/cli-win32-ia32-msvc-0.45.1.tgz",
      "integrity": "sha512-uwgCUOq6B8//u+LhicTjg3CfA9mcpCgajfv5AWNxHE1Qw8F2wLRszDXK03+l/l8biaE13uHE2857mr6x6m/F+A==",
      "cpu": [
        "ia32"
      ],
      "license": "MIT",
      "optional": true,
      "os": [
        "win32"
      ],
      "engines": {
        "node": ">= 10"
      }
    },
    "node_modules/@ast-grep/cli-win32-x64-msvc": {
      "version": "0.45.1",
      "resolved": "https://registry.npmjs.org/@ast-grep/cli-win32-x64-msvc/-/cli-win32-x64-msvc-0.45.1.tgz",
      "integrity": "sha512-fDYXALDte7yt44Jmhu7kjPZFCmHOPN6SrtMAYqKlYgkxPtSC/UfTe2XpDNxyTgBV3rMLkw/61bj6KQkwXwuBNg==",
      "cpu": [
        "x64"
      ],
      "license": "MIT",
      "optional": true,
      "os": [
        "win32"
      ],
      "engines": {
        "node": ">= 10"
      }
    },
    "node_modules/@ast-grep/napi": {
      "version": "0.45.1",
      "resolved": "https://registry.npmjs.org/@ast-grep/napi/-/napi-0.45.1.tgz",
      "integrity": "sha512-4cmGQEHoP9GLHEhGvd1vgSzO3Y6KF7FczDk4+q/VfXV9/9sNxNVgNHC8t3BglhIADDcoHrCMc9aw4lHG+M240A==",
      "license": "MIT",
      "engines": {
        "node": ">= 10"
      },
      "optionalDependencies": {
        "@ast-grep/napi-darwin-arm64": "0.45.1",
        "@ast-grep/napi-darwin-x64": "0.45.1",
        "@ast-grep/napi-linux-arm64-gnu": "0.45.1",
        "@ast-grep/napi-linux-arm64-musl": "0.45.1",
        "@ast-grep/napi-linux-x64-gnu": "0.45.1",
        "@ast-grep/napi-linux-x64-musl": "0.45.1",
        "@ast-grep/napi-win32-arm64-msvc": "0.45.1",
        "@ast-grep/napi-win32-ia32-msvc": "0.45.1",
        "@ast-grep/napi-win32-x64-msvc": "0.45.1"
      }
    },
    "node_modules/@ast-grep/napi-darwin-arm64": {
      "version": "0.45.1",
      "resolved": "https://registry.npmjs.org/@ast-grep/napi-darwin-arm64/-/napi-darwin-arm64-0.45.1.tgz",
      "integrity": "sha512-CthYcA0H3z5A2EHKH4rhSuFzpYUtxqUMnohmejxtMS6wiAgriKhOCopxN8XKclspYMtQyX2GC/PbvcU3dIbQHw==",
      "cpu": [
        "arm64"
      ],
      "license": "MIT",
      "optional": true,
      "os": [
        "darwin"
      ],
      "engines": {
        "node": ">= 10"
      }
    },
    "node_modules/@ast-grep/napi-darwin-x64": {
      "version": "0.45.1",
      "resolved": "https://registry.npmjs.org/@ast-grep/napi-darwin-x64/-/napi-darwin-x64-0.45.1.tgz",
      "integrity": "sha512-PhlXMDEEH5fMjXjYcrbeNgGqrojj4zN8C7eMQC6M4pVkuW74uPhrblD4KUbNunp5I2LkWCdKOs36jhBaZe1iPw==",
      "cpu": [
        "x64"
      ],
      "license": "MIT",
      "optional": true,
      "os": [
        "darwin"
      ],
      "engines": {
        "node": ">= 10"
      }
    },
    "node_modules/@ast-grep/napi-linux-arm64-gnu": {
      "version": "0.45.1",
      "resolved": "https://registry.npmjs.org/@ast-grep/napi-linux-arm64-gnu/-/napi-linux-arm64-gnu-0.45.1.tgz",
      "integrity": "sha512-XScjs95/SrsV6kLl9MnF2qbqwKU79bcBA3JHi6xUu+hf0uZ0lc6MsZ595cEy5yw9PYRhgqwrT3wta9p4qU4jpg==",
      "cpu": [
        "arm64"
      ],
      "libc": [
        "glibc"
      ],
      "license": "MIT",
      "optional": true,
      "os": [
        "linux"
      ],
      "engines": {
        "node": ">= 10"
      }
    },
    "node_modules/@ast-grep/napi-linux-arm64-musl": {
      "version": "0.45.1",
      "resolved": "https://registry.npmjs.org/@ast-grep/napi-linux-arm64-musl/-/napi-linux-arm64-musl-0.45.1.tgz",
      "integrity": "sha512-qjH5CN5KIUdJW2dHfp8W57QsP6H0mA6E/rboKEzAxw6Ant1q2ZKqE3bLHUZMDoZXOBGdCODSZm0bTDcctiP49g==",
      "cpu": [
        "arm64"
      ],
      "libc": [
        "musl"
      ],
      "license": "MIT",
      "optional": true,
      "os": [
        "linux"
      ],
      "engines": {
        "node": ">= 10"
      }
    },
    "node_modules/@ast-grep/napi-linux-x64-gnu": {
      "version": "0.45.1",
      "resolved": "https://registry.npmjs.org/@ast-grep/napi-linux-x64-gnu/-/napi-linux-x64-gnu-0.45.1.tgz",
      "integrity": "sha512-nPP0y5EnehCgmYqvVDKSvH4vHbEFdAi8L+Kq2Sz94vK32yv4eOWf9vWhgoPscWpw76GWuwhpDvME8SZARnS3DQ==",
      "cpu": [
        "x64"
      ],
      "libc": [
        "glibc"
      ],
      "license": "MIT",
      "optional": true,
      "os": [
        "linux"
      ],
      "engines": {
        "node": ">= 10"
      }
    },
    "node_modules/@ast-grep/napi-linux-x64-musl": {
      "version": "0.45.1",
      "resolved": "https://registry.npmjs.org/@ast-grep/napi-linux-x64-musl/-/napi-linux-x64-musl-0.45.1.tgz",
      "integrity": "sha512-sg50LKH7TskWd/boWVFp9gwKc3Jd8sg0f8P6T2VQemX/EOj+OFaMJ2+y7Ok17WI/dODkrZgAPUwq7RAvMzLtqg==",
      "cpu": [
        "x64"
      ],
      "libc": [
        "musl"
      ],
      "license": "MIT",
      "optional": true,
      "os": [
        "linux"
      ],
      "engines": {
        "node": ">= 10"
      }
    },
    "node_modules/@ast-grep/napi-win32-arm64-msvc": {
      "version": "0.45.1",
      "resolved": "https://registry.npmjs.org/@ast-grep/napi-win32-arm64-msvc/-/napi-win32-arm64-msvc-0.45.1.tgz",
      "integrity": "sha512-wnTmD34OD9bUpdBVTb58P0y+YPb/2C2g07zj96LSk5R4pdcEMrCFsrWZlaNwtEV4q7L9BfLgrxq3MBGI8c6doA==",
      "cpu": [
        "arm64"
      ],
      "license": "MIT",
      "optional": true,
      "os": [
        "win32"
      ],
      "engines": {
        "node": ">= 10"
      }
    },
    "node_modules/@ast-grep/napi-win32-ia32-msvc": {
      "version": "0.45.1",
      "resolved": "https://registry.npmjs.org/@ast-grep/napi-win32-ia32-msvc/-/napi-win32-ia32-msvc-0.45.1.tgz",
      "integrity": "sha512-gRyJwRPY1mWRtnJ6AMncV2pNU+B2indjLCb9z/+aZrUN5u/gOxYryEzvRatyC9rVUMeQGJD+k0htpsqIwgXVbA==",
      "cpu": [
        "ia32"
      ],
      "license": "MIT",
      "optional": true,
      "os": [
        "win32"
      ],
      "engines": {
        "node": ">= 10"
      }
    },
    "node_modules/@ast-grep/napi-win32-x64-msvc": {
      "version": "0.45.1",
      "resolved": "https://registry.npmjs.org/@ast-grep/napi-win32-x64-msvc/-/napi-win32-x64-msvc-0.45.1.tgz",
      "integrity": "sha512-mzfMmCO7tSNks+NGkGkSnDBKxBjHoOLAMJt2IbAkMYATxHC0RqfBoN7Qtd02VGhHWEfwWLPv/wU6MrvweZ3jdQ==",
      "cpu": [
        "x64"
      ],
      "license": "MIT",
      "optional": true,
      "os": [
        "win32"
      ],
      "engines": {
        "node": ">= 10"
      }
    },
    "node_modules/@earendil-works/pi-tui": {
      "version": "0.82.1",
      "resolved": "https://registry.npmjs.org/@earendil-works/pi-tui/-/pi-tui-0.82.1.tgz",
      "integrity": "sha512-9yN8hALfKaxZq7n54EMxqhFCWnMi6LHkraMJ/1YjHiATq75XrI6XDMVppn9EDtiK7Fks8hUe1SDXUTrIvwRWfQ==",
      "license": "MIT",
      "dependencies": {
        "get-east-asian-width": "1.6.0",
        "marked": "18.0.5"
      },
      "engines": {
        "node": ">=22.19.0"
      }
    },
    "node_modules/@ff-labs/fff-bin-android-arm64": {
      "version": "0.10.3",
      "resolved": "https://registry.npmjs.org/@ff-labs/fff-bin-android-arm64/-/fff-bin-android-arm64-0.10.3.tgz",
      "integrity": "sha512-g9MNo+rNKggdXWehd0H1fMBLnjkO2pvW6Lo3eyGCEEjms4Al1PKOTIeVju7ovrUqLjqQlyhsvUaZECkMzydvKQ==",
      "cpu": [
        "arm64"
      ],
      "license": "MIT",
      "optional": true,
      "os": [
        "android"
      ]
    },
    "node_modules/@ff-labs/fff-bin-darwin-arm64": {
      "version": "0.10.3",
      "resolved": "https://registry.npmjs.org/@ff-labs/fff-bin-darwin-arm64/-/fff-bin-darwin-arm64-0.10.3.tgz",
      "integrity": "sha512-vMn3N39B+AJsjc24jvYsLvrc5VPo4ztSieeSjBkOYgQaG6coaVpSKPcgipJqPdv8VNLzLXd8j9O6FNP3e7HLrw==",
      "cpu": [
        "arm64"
      ],
      "license": "MIT",
      "optional": true,
      "os": [
        "darwin"
      ]
    },
    "node_modules/@ff-labs/fff-bin-darwin-x64": {
      "version": "0.10.3",
      "resolved": "https://registry.npmjs.org/@ff-labs/fff-bin-darwin-x64/-/fff-bin-darwin-x64-0.10.3.tgz",
      "integrity": "sha512-w2X8VmqjEWASmM5LgoytBUtuJTfnZQycpFE67MytfH+57mIO4SJ7cyxvdXw/LRCMIJOToh2A9hJGrEYSLPLa5Q==",
      "cpu": [
        "x64"
      ],
      "license": "MIT",
      "optional": true,
      "os": [
        "darwin"
      ]
    },
    "node_modules/@ff-labs/fff-bin-linux-arm64-gnu": {
      "version": "0.10.3",
      "resolved": "https://registry.npmjs.org/@ff-labs/fff-bin-linux-arm64-gnu/-/fff-bin-linux-arm64-gnu-0.10.3.tgz",
      "integrity": "sha512-3MsSDY3GHLpA+RygqXs6lMeRRn5NfnhWNf/hWLGK/tmczPdQoMEjH25MhVk0HoCMOgrCP86jsBzF8QD9xgdglQ==",
      "cpu": [
        "arm64"
      ],
      "libc": [
        "glibc"
      ],
      "license": "MIT",
      "optional": true,
      "os": [
        "linux"
      ]
    },
    "node_modules/@ff-labs/fff-bin-linux-arm64-musl": {
      "version": "0.10.3",
      "resolved": "https://registry.npmjs.org/@ff-labs/fff-bin-linux-arm64-musl/-/fff-bin-linux-arm64-musl-0.10.3.tgz",
      "integrity": "sha512-96FYchBgdHBmPPW9w4Q8mUhGTjw59ZQQEI2XZViPGfRm2DVA8Br9Npp3XX45Rw6d9G3cDZcWabr/eqvJY8vrrg==",
      "cpu": [
        "arm64"
      ],
      "libc": [
        "musl"
      ],
      "license": "MIT",
      "optional": true,
      "os": [
        "linux"
      ]
    },
    "node_modules/@ff-labs/fff-bin-linux-x64-gnu": {
      "version": "0.10.3",
      "resolved": "https://registry.npmjs.org/@ff-labs/fff-bin-linux-x64-gnu/-/fff-bin-linux-x64-gnu-0.10.3.tgz",
      "integrity": "sha512-F1H0tP92FbaJfVzm79ptvHmR21QggNw+tQXUxq77HfKlnBLoT944pWH5MHaKGoz4pkF1Vg/hh0ROUaBTvF9Rmw==",
      "cpu": [
        "x64"
      ],
      "libc": [
        "glibc"
      ],
      "license": "MIT",
      "optional": true,
      "os": [
        "linux"
      ]
    },
    "node_modules/@ff-labs/fff-bin-linux-x64-musl": {
      "version": "0.10.3",
      "resolved": "https://registry.npmjs.org/@ff-labs/fff-bin-linux-x64-musl/-/fff-bin-linux-x64-musl-0.10.3.tgz",
      "integrity": "sha512-p9mIROa2iEvO5HV5gNLuYr2EkQTnCeaztVnWZbDjQiQE5tTx2tUUVDzQUQutHVvtNKlsrZWoqCJ/G6xbFqWCSw==",
      "cpu": [
        "x64"
      ],
      "libc": [
        "musl"
      ],
      "license": "MIT",
      "optional": true,
      "os": [
        "linux"
      ]
    },
    "node_modules/@ff-labs/fff-bin-win32-arm64": {
      "version": "0.10.3",
      "resolved": "https://registry.npmjs.org/@ff-labs/fff-bin-win32-arm64/-/fff-bin-win32-arm64-0.10.3.tgz",
      "integrity": "sha512-Ztcb6wZwQCgF3h3kKvUaT6+6cYzzjFxTkn28b+0lqi7Yh/HTQVTS4Y0jyf/I9RVrK6sBpvDIliYaDWMRdIAmEw==",
      "cpu": [
        "arm64"
      ],
      "license": "MIT",
      "optional": true,
      "os": [
        "win32"
      ]
    },
    "node_modules/@ff-labs/fff-bin-win32-x64": {
      "version": "0.10.3",
      "resolved": "https://registry.npmjs.org/@ff-labs/fff-bin-win32-x64/-/fff-bin-win32-x64-0.10.3.tgz",
      "integrity": "sha512-VspB3G0sA2JbJdwgTk5muvMRo2B52grPNa/IMO94tsqUV8C9Dr4iv8Ls4ze8DwywlMaR/Qp1GUrVVpgT3j+JDA==",
      "cpu": [
        "x64"
      ],
      "license": "MIT",
      "optional": true,
      "os": [
        "win32"
      ]
    },
    "node_modules/@ff-labs/fff-bun": {
      "version": "0.10.3",
      "resolved": "https://registry.npmjs.org/@ff-labs/fff-bun/-/fff-bun-0.10.3.tgz",
      "integrity": "sha512-KukJ61YeLHvWGgLZQGtAWIkYWhQYVdXcujEioq0UWjjlnSnJvsvm7EMN0JZIDXgG+MOJNii4Ir1+udPxRROf9A==",
      "cpu": [
        "x64",
        "arm64"
      ],
      "license": "MIT",
      "os": [
        "darwin",
        "linux",
        "win32",
        "android"
      ],
      "engines": {
        "bun": ">=1.0.0"
      },
      "optionalDependencies": {
        "@ff-labs/fff-bin-android-arm64": "0.10.3",
        "@ff-labs/fff-bin-darwin-arm64": "0.10.3",
        "@ff-labs/fff-bin-darwin-x64": "0.10.3",
        "@ff-labs/fff-bin-linux-arm64-gnu": "0.10.3",
        "@ff-labs/fff-bin-linux-arm64-musl": "0.10.3",
        "@ff-labs/fff-bin-linux-x64-gnu": "0.10.3",
        "@ff-labs/fff-bin-linux-x64-musl": "0.10.3",
        "@ff-labs/fff-bin-win32-arm64": "0.10.3",
        "@ff-labs/fff-bin-win32-x64": "0.10.3"
      }
    },
    "node_modules/@ff-labs/fff-node": {
      "version": "0.10.3",
      "resolved": "https://registry.npmjs.org/@ff-labs/fff-node/-/fff-node-0.10.3.tgz",
      "integrity": "sha512-tlq9GgFV3terCSaMJcPgfvVl8/lloPP9/g2sRbnc7OcSWhnopAnLMQTh3D7ru0Sq+7DRlksTOrXFfOrlC5VBMA==",
      "cpu": [
        "x64",
        "arm64"
      ],
      "license": "MIT",
      "os": [
        "darwin",
        "linux",
        "win32",
        "android"
      ],
      "dependencies": {
        "ffi-rs": "^1.0.0"
      },
      "engines": {
        "node": ">=18.0.0"
      },
      "optionalDependencies": {
        "@ff-labs/fff-bin-android-arm64": "0.10.3",
        "@ff-labs/fff-bin-darwin-arm64": "0.10.3",
        "@ff-labs/fff-bin-darwin-x64": "0.10.3",
        "@ff-labs/fff-bin-linux-arm64-gnu": "0.10.3",
        "@ff-labs/fff-bin-linux-arm64-musl": "0.10.3",
        "@ff-labs/fff-bin-linux-x64-gnu": "0.10.3",
        "@ff-labs/fff-bin-linux-x64-musl": "0.10.3",
        "@ff-labs/fff-bin-win32-arm64": "0.10.3",
        "@ff-labs/fff-bin-win32-x64": "0.10.3"
      }
    },
    "node_modules/@ff-labs/pi-fff": {
      "version": "0.10.3",
      "resolved": "https://registry.npmjs.org/@ff-labs/pi-fff/-/pi-fff-0.10.3.tgz",
      "integrity": "sha512-0HXL/KZF/S2V166FTbCVx2V2MRhJkAid45CFZasIyMV1liEoxFxZC9zq9ZjRlCsnmbmQjoiWo/Cl5W3bSfnshg==",
      "license": "MIT",
      "dependencies": {
        "@ff-labs/fff-bun": "0.10.3",
        "@ff-labs/fff-node": "0.10.3"
      },
      "peerDependencies": {
        "@earendil-works/pi-coding-agent": "*",
        "@earendil-works/pi-tui": "*",
        "@sinclair/typebox": "*"
      }
    },
    "node_modules/@juicesharp/rpiv-ask-user-question": {
      "version": "2.4.0",
      "resolved": "https://registry.npmjs.org/@juicesharp/rpiv-ask-user-question/-/rpiv-ask-user-question-2.4.0.tgz",
      "integrity": "sha512-JVWc6CrePUgAEP3g6C3vrJBqZ6JSS56HQy7+2QZBdwwtcxqCNCHdPgXMJ43sexeJvusSJKTadeDJcc/4kuJEGA==",
      "license": "MIT",
      "dependencies": {
        "@juicesharp/rpiv-config": "^2.4.0",
        "typebox": "^1.1.24"
      },
      "peerDependencies": {
        "@earendil-works/pi-coding-agent": "*",
        "@earendil-works/pi-tui": "*",
        "@juicesharp/rpiv-i18n": "*"
      },
      "peerDependenciesMeta": {
        "@juicesharp/rpiv-i18n": {
          "optional": true
        }
      }
    },
    "node_modules/@juicesharp/rpiv-config": {
      "version": "2.4.0",
      "resolved": "https://registry.npmjs.org/@juicesharp/rpiv-config/-/rpiv-config-2.4.0.tgz",
      "integrity": "sha512-yUeDLfpAeKv3fdoBsye6bDy8M+TOQDAo8wX7DY9Qqyh60dT65AmWT7HQ/BOc3o08n/5TrwTlX9EnZcPAcgz4pw==",
      "license": "MIT",
      "dependencies": {
        "typebox": "^1.1.24"
      }
    },
    "node_modules/@yuuang/ffi-rs-android-arm64": {
      "version": "1.3.7",
      "resolved": "https://registry.npmjs.org/@yuuang/ffi-rs-android-arm64/-/ffi-rs-android-arm64-1.3.7.tgz",
      "integrity": "sha512-t6Wx3Xll6c07Nuk0k3xnZsxKFxlshm92i0U/BiTHc6kQbvu+fMJF+gKsj4yEj886jH51CM3EqZT9Xdhq9CdUVw==",
      "cpu": [
        "arm64"
      ],
      "license": "MIT",
      "optional": true,
      "os": [
        "android"
      ],
      "engines": {
        "node": ">= 12"
      }
    },
    "node_modules/@yuuang/ffi-rs-darwin-arm64": {
      "version": "1.3.7",
      "resolved": "https://registry.npmjs.org/@yuuang/ffi-rs-darwin-arm64/-/ffi-rs-darwin-arm64-1.3.7.tgz",
      "integrity": "sha512-OueBlUFBT9IwD9pQnoYs0UszRBEySskfrEPXXfvKfGjL/DXnfn6kUheQ3oIP6sSmshVGNQUwrTCPo6feAa4QjA==",
      "cpu": [
        "arm64"
      ],
      "license": "MIT",
      "optional": true,
      "os": [
        "darwin"
      ],
      "engines": {
        "node": ">= 12"
      }
    },
    "node_modules/@yuuang/ffi-rs-darwin-x64": {
      "version": "1.3.7",
      "resolved": "https://registry.npmjs.org/@yuuang/ffi-rs-darwin-x64/-/ffi-rs-darwin-x64-1.3.7.tgz",
      "integrity": "sha512-x4mxXOKwSgwYx6OBAKrW+Ocp8um2KoPpUwaD0Z2tmR6EekoRvFGN7s/eEK1avqCxcsLN7/MzGOnCCFyGpOVfPA==",
      "cpu": [
        "x64"
      ],
      "license": "MIT",
      "optional": true,
      "os": [
        "darwin"
      ],
      "engines": {
        "node": ">= 12"
      }
    },
    "node_modules/@yuuang/ffi-rs-linux-arm-gnueabihf": {
      "version": "1.3.7",
      "resolved": "https://registry.npmjs.org/@yuuang/ffi-rs-linux-arm-gnueabihf/-/ffi-rs-linux-arm-gnueabihf-1.3.7.tgz",
      "integrity": "sha512-9r//Z022QYVoIAY458Dpk8HWkisk/y4NJC3d52RlkdsLD+9p0zn0cKKSoMF/xUsOWDFSmOf+cwU/Xadi/wxFMQ==",
      "cpu": [
        "arm"
      ],
      "license": "MIT",
      "optional": true,
      "os": [
        "linux"
      ],
      "engines": {
        "node": ">= 12"
      }
    },
    "node_modules/@yuuang/ffi-rs-linux-arm64-gnu": {
      "version": "1.3.7",
      "resolved": "https://registry.npmjs.org/@yuuang/ffi-rs-linux-arm64-gnu/-/ffi-rs-linux-arm64-gnu-1.3.7.tgz",
      "integrity": "sha512-nrW4MlFlyQInfxTsI5wtcIpbV4KlHLWo2BCk4CHIETlUT+PUspNFqDg+Byy7My3hpCZlXp0WsMVP/3N0LlybNw==",
      "cpu": [
        "arm64"
      ],
      "libc": [
        "glibc"
      ],
      "license": "MIT",
      "optional": true,
      "os": [
        "linux"
      ],
      "engines": {
        "node": ">= 12"
      }
    },
    "node_modules/@yuuang/ffi-rs-linux-arm64-musl": {
      "version": "1.3.7",
      "resolved": "https://registry.npmjs.org/@yuuang/ffi-rs-linux-arm64-musl/-/ffi-rs-linux-arm64-musl-1.3.7.tgz",
      "integrity": "sha512-eLLx4P8DzNnuPif19nAvKPaf88lSf6KFbDetH3nAIRZvI495h0jigN835Ayr7uAADssohGfO9MPMH33DXmFErA==",
      "cpu": [
        "arm64"
      ],
      "libc": [
        "musl"
      ],
      "license": "MIT",
      "optional": true,
      "os": [
        "linux"
      ],
      "engines": {
        "node": ">= 12"
      }
    },
    "node_modules/@yuuang/ffi-rs-linux-x64-gnu": {
      "version": "1.3.7",
      "resolved": "https://registry.npmjs.org/@yuuang/ffi-rs-linux-x64-gnu/-/ffi-rs-linux-x64-gnu-1.3.7.tgz",
      "integrity": "sha512-upEz1Q98T51x2In872fsjgHCJbE3e8r9JxhJD+5NvSMk6BpieYWRodTbsMxV6oKWmfl12loKwF2j4OBSWKl0lA==",
      "cpu": [
        "x64"
      ],
      "libc": [
        "glibc"
      ],
      "license": "MIT",
      "optional": true,
      "os": [
        "linux"
      ],
      "engines": {
        "node": ">= 12"
      }
    },
    "node_modules/@yuuang/ffi-rs-linux-x64-musl": {
      "version": "1.3.7",
      "resolved": "https://registry.npmjs.org/@yuuang/ffi-rs-linux-x64-musl/-/ffi-rs-linux-x64-musl-1.3.7.tgz",
      "integrity": "sha512-YOcOkIwVvIhpwuGJ428h15vpE0KnT3teFG0g2J31FrBxrVh9IH4HeTGXjelI3l9SI5gyiZDnD4PQnQ1U6oqTcA==",
      "cpu": [
        "x64"
      ],
      "libc": [
        "musl"
      ],
      "license": "MIT",
      "optional": true,
      "os": [
        "linux"
      ],
      "engines": {
        "node": ">= 12"
      }
    },
    "node_modules/@yuuang/ffi-rs-win32-arm64-msvc": {
      "version": "1.3.7",
      "resolved": "https://registry.npmjs.org/@yuuang/ffi-rs-win32-arm64-msvc/-/ffi-rs-win32-arm64-msvc-1.3.7.tgz",
      "integrity": "sha512-ZfYzLV1w7Mhzh9XRScEMpw9oazIEiwO+0+TYHHRL882d5oD0Q99YikmRhdifsoHCCQefKmWF/4BXCeFkzg8NFA==",
      "cpu": [
        "arm64"
      ],
      "license": "MIT",
      "optional": true,
      "os": [
        "win32"
      ],
      "engines": {
        "node": ">= 12"
      }
    },
    "node_modules/@yuuang/ffi-rs-win32-ia32-msvc": {
      "version": "1.3.7",
      "resolved": "https://registry.npmjs.org/@yuuang/ffi-rs-win32-ia32-msvc/-/ffi-rs-win32-ia32-msvc-1.3.7.tgz",
      "integrity": "sha512-ifYz+f+giKpT39lKWDru+om6QnA9J7J953ns60xHgB46ESZvPd/Y2W5+PesRNC9U+vnFEiLZ9CNC+R3fBWC1pg==",
      "cpu": [
        "x64",
        "ia32"
      ],
      "license": "MIT",
      "optional": true,
      "os": [
        "win32"
      ],
      "engines": {
        "node": ">= 12"
      }
    },
    "node_modules/@yuuang/ffi-rs-win32-x64-msvc": {
      "version": "1.3.7",
      "resolved": "https://registry.npmjs.org/@yuuang/ffi-rs-win32-x64-msvc/-/ffi-rs-win32-x64-msvc-1.3.7.tgz",
      "integrity": "sha512-H3s4wOLtZtKtmuPjUNE+bhnSKxxpXcuxG70jRC8dUMHqIm5iCvdoZ4XYDeq7/uUYlySerXFmRL4dAVCX/TUNTg==",
      "cpu": [
        "x64"
      ],
      "license": "MIT",
      "optional": true,
      "os": [
        "win32"
      ],
      "engines": {
        "node": ">= 12"
      }
    },
    "node_modules/argparse": {
      "version": "2.0.1",
      "resolved": "https://registry.npmjs.org/argparse/-/argparse-2.0.1.tgz",
      "integrity": "sha512-8+9WqebbFzpX9OR+Wa6O29asIogeRMzcGtAINdpMHHyAg10f05aSFVBbcEqGf/PXw1EjAZ+q2/bEBg3DvurK3Q==",
      "license": "Python-2.0"
    },
    "node_modules/balanced-match": {
      "version": "4.0.4",
      "resolved": "https://registry.npmjs.org/balanced-match/-/balanced-match-4.0.4.tgz",
      "integrity": "sha512-BLrgEcRTwX2o6gGxGOCNyMvGSp35YofuYzw9h1IMTRmKqttAZZVU67bdb9Pr2vUHA8+j3i2tJfjO6C6+4myGTA==",
      "license": "MIT",
      "engines": {
        "node": "18 || 20 || >=22"
      }
    },
    "node_modules/brace-expansion": {
      "version": "5.0.9",
      "resolved": "https://registry.npmjs.org/brace-expansion/-/brace-expansion-5.0.9.tgz",
      "integrity": "sha512-ScQ4IuvIEF1TMlP7Zt+vjJ//9zlPb2SDcxWxM3bk8s6t6GGdJ7KO1dCcTidOPJKePW30LE/2cT7wCyPho9/Wxg==",
      "license": "MIT",
      "dependencies": {
        "balanced-match": "^4.0.2"
      },
      "engines": {
        "node": "20 || >=22"
      }
    },
    "node_modules/detect-libc": {
      "version": "2.1.2",
      "resolved": "https://registry.npmjs.org/detect-libc/-/detect-libc-2.1.2.tgz",
      "integrity": "sha512-Btj2BOOO83o3WyH59e8MgXsxEQVcarkUOpEYrubB0urwnN10yQ364rsiByU11nZlqWYZm05i/of7io4mzihBtQ==",
      "license": "Apache-2.0",
      "engines": {
        "node": ">=8"
      }
    },
    "node_modules/ffi-rs": {
      "version": "1.3.7",
      "resolved": "https://registry.npmjs.org/ffi-rs/-/ffi-rs-1.3.7.tgz",
      "integrity": "sha512-5MMZQS2t/6f/ec3sx0f51gBcKGZPGfolPAW04lvLOSYnr7gmOKs8YzH1Rh+34WGO+VtcgcTuxaUUoJLcR4Tirg==",
      "license": "MIT",
      "optionalDependencies": {
        "@yuuang/ffi-rs-android-arm64": "1.3.7",
        "@yuuang/ffi-rs-darwin-arm64": "1.3.7",
        "@yuuang/ffi-rs-darwin-x64": "1.3.7",
        "@yuuang/ffi-rs-linux-arm-gnueabihf": "1.3.7",
        "@yuuang/ffi-rs-linux-arm64-gnu": "1.3.7",
        "@yuuang/ffi-rs-linux-arm64-musl": "1.3.7",
        "@yuuang/ffi-rs-linux-x64-gnu": "1.3.7",
        "@yuuang/ffi-rs-linux-x64-musl": "1.3.7",
        "@yuuang/ffi-rs-win32-arm64-msvc": "1.3.7",
        "@yuuang/ffi-rs-win32-ia32-msvc": "1.3.7",
        "@yuuang/ffi-rs-win32-x64-msvc": "1.3.7"
      }
    },
    "node_modules/get-east-asian-width": {
      "version": "1.6.0",
      "resolved": "https://registry.npmjs.org/get-east-asian-width/-/get-east-asian-width-1.6.0.tgz",
      "integrity": "sha512-QRbvDIbx6YklUe6RxeTeleMR0yv3cYH6PsPZHcnVn7xv7zO1BHN8r0XETu8n6Ye3Q+ahtSarc3WgtNWmehIBfA==",
      "license": "MIT",
      "engines": {
        "node": ">=18"
      },
      "funding": {
        "url": "https://github.com/sponsors/sindresorhus"
      }
    },
    "node_modules/js-yaml": {
      "version": "5.2.3",
      "resolved": "https://registry.npmjs.org/js-yaml/-/js-yaml-5.2.3.tgz",
      "integrity": "sha512-n+mUVyUX5bVv7G/G2zyIHOhdxfuU1dY2NOFzTQUWiMUbFss8b57NFlgCCaggU78wSw5KVS9cllzeLyzyR+n5nw==",
      "funding": [
        {
          "type": "github",
          "url": "https://github.com/sponsors/puzrin"
        },
        {
          "type": "github",
          "url": "https://github.com/sponsors/nodeca"
        }
      ],
      "license": "MIT",
      "dependencies": {
        "argparse": "^2.0.1"
      },
      "bin": {
        "js-yaml": "bin/js-yaml.mjs"
      }
    },
    "node_modules/marked": {
      "version": "18.0.5",
      "resolved": "https://registry.npmjs.org/marked/-/marked-18.0.5.tgz",
      "integrity": "sha512-S6GcvALHg6K4ohtu4E7x0a1AqhAjp6cV8KhLSyN9qVapnzJkusVBxZRcIU9AeYsbe6P1hKDusSbEOzGyyuce6w==",
      "license": "MIT",
      "bin": {
        "marked": "bin/marked.js"
      },
      "engines": {
        "node": ">= 20"
      }
    },
    "node_modules/minimatch": {
      "version": "10.2.6",
      "resolved": "https://registry.npmjs.org/minimatch/-/minimatch-10.2.6.tgz",
      "integrity": "sha512-vpLQEs+VLCr1nU0BXS07maYoFwlDAH0gngQuuttxIwutDFEMHq2blX+8vpgxDdK3J1PwjCJiep77OitTZ4Ll1A==",
      "license": "BlueOak-1.0.0",
      "dependencies": {
        "brace-expansion": "^5.0.8"
      },
      "engines": {
        "node": "18 || 20 || >=22"
      },
      "funding": {
        "url": "https://github.com/sponsors/isaacs"
      }
    },
    "node_modules/pi-lens": {
      "version": "3.8.74",
      "resolved": "https://registry.npmjs.org/pi-lens/-/pi-lens-3.8.74.tgz",
      "integrity": "sha512-FEcrs4stCKcswhfyjwiS/Dqq1b20O+Clc42OfI8MVib6o8xlb7xuOP3lv4WEA/pYj0esbxckMRYFySaJqThyYw==",
      "license": "MIT",
      "dependencies": {
        "@ast-grep/cli": "^0.45.0",
        "@ast-grep/napi": "^0.45.0",
        "@earendil-works/pi-tui": "^0.82.1",
        "js-yaml": "^5.2.2",
        "minimatch": "^10.2.5",
        "pidusage": "^4.0.1",
        "typebox": "^1.0.0",
        "vscode-jsonrpc": "^9.0.0"
      },
      "bin": {
        "pi-lens": "dist/mcp/cli.js",
        "pi-lens-analyze": "dist/mcp/analyze-cli.js",
        "pi-lens-mcp": "dist/mcp/server.js"
      },
      "optionalDependencies": {
        "web-tree-sitter": "0.25.10"
      },
      "peerDependencies": {
        "@earendil-works/pi-coding-agent": "*"
      },
      "peerDependenciesMeta": {
        "@earendil-works/pi-coding-agent": {
          "optional": true
        }
      }
    },
    "node_modules/pi-tool-repair": {
      "version": "0.2.0",
      "resolved": "https://registry.npmjs.org/pi-tool-repair/-/pi-tool-repair-0.2.0.tgz",
      "integrity": "sha512-rHOczrn8/2Dyl3gyviMXLf7BxTaLnhv4qnGqHKPI9+99sw1rei7VdiJAFA8D7akmlbRWHYPl5Ke8/JAvgnOEBQ==",
      "license": "MIT",
      "peerDependencies": {
        "@earendil-works/pi-coding-agent": "*",
        "typebox": "*"
      }
    },
    "node_modules/pi-vim": {
      "version": "0.14.1",
      "resolved": "https://registry.npmjs.org/pi-vim/-/pi-vim-0.14.1.tgz",
      "integrity": "sha512-m8/j84pGlu01b6aucqgDQQQcS4kU+B0ws6/LIKB/HMWb43xVFXLqdZN06Op5OhBm+9aDDUkzFfFp3ErrtwLNRQ==",
      "license": "MIT",
      "peerDependencies": {
        "@earendil-works/pi-coding-agent": "*",
        "@earendil-works/pi-tui": ">=0.74.0"
      }
    },
    "node_modules/pi-zentui": {
      "version": "0.19.0",
      "resolved": "https://registry.npmjs.org/pi-zentui/-/pi-zentui-0.19.0.tgz",
      "integrity": "sha512-iFHkfaoz+Qg9sHCRfYK188eF5zNjgswdU8uFt3gbE6TLdomRnk2rhI0YAY6m4DxGZa+F13x6UnIB6VBrbGUKvw==",
      "license": "MIT",
      "peerDependencies": {
        "@earendil-works/pi-ai": ">=0.80.5",
        "@earendil-works/pi-coding-agent": ">=0.80.5",
        "@earendil-works/pi-tui": ">=0.80.5"
      }
    },
    "node_modules/pidusage": {
      "version": "4.0.1",
      "resolved": "https://registry.npmjs.org/pidusage/-/pidusage-4.0.1.tgz",
      "integrity": "sha512-yCH2dtLHfEBnzlHUJymR/Z1nN2ePG3m392Mv8TFlTP1B0xkpMQNHAnfkY0n2tAi6ceKO6YWhxYfZ96V4vVkh/g==",
      "license": "MIT",
      "dependencies": {
        "safe-buffer": "^5.2.1"
      },
      "engines": {
        "node": ">=18"
      }
    },
    "node_modules/safe-buffer": {
      "version": "5.2.1",
      "resolved": "https://registry.npmjs.org/safe-buffer/-/safe-buffer-5.2.1.tgz",
      "integrity": "sha512-rp3So07KcdmmKbGvgaNxQSJr7bGVSVk5S9Eq1F+ppbRo70+YeaDxkw5Dd8NPN+GD6bjnYm2VuPuCXmpuYvmCXQ==",
      "funding": [
        {
          "type": "github",
          "url": "https://github.com/sponsors/feross"
        },
        {
          "type": "patreon",
          "url": "https://www.patreon.com/feross"
        },
        {
          "type": "consulting",
          "url": "https://feross.org/support"
        }
      ],
      "license": "MIT"
    },
    "node_modules/typebox": {
      "version": "1.3.12",
      "resolved": "https://registry.npmjs.org/typebox/-/typebox-1.3.12.tgz",
      "integrity": "sha512-CTZgXB7zyNxwKXq7ktZYGcKZHqu/ZtpPGMHxf5xBa2hrfY9cokVd6SHwwx/r/EHur9V1jJcfeP3Guw9v1QpZ7g==",
      "license": "MIT"
    },
    "node_modules/vscode-jsonrpc": {
      "version": "9.0.1",
      "resolved": "https://registry.npmjs.org/vscode-jsonrpc/-/vscode-jsonrpc-9.0.1.tgz",
      "integrity": "sha512-rfuA6T75H6m5EkbhtEPzre9pT0HPcDI2MMy4+nPFIBks5J8JBAUHD4tRYSgaBOijIEC7SRkC1kKyXTLqbmh9jw==",
      "license": "MIT",
      "engines": {
        "node": ">=14.0.0"
      }
    },
    "node_modules/web-tree-sitter": {
      "version": "0.25.10",
      "resolved": "https://registry.npmjs.org/web-tree-sitter/-/web-tree-sitter-0.25.10.tgz",
      "integrity": "sha512-Y09sF44/13XvgVKgO2cNDw5rGk6s26MgoZPXLESvMXeefBf7i6/73eFurre0IsTW6E14Y0ArIzhUMmjoc7xyzA==",
      "license": "MIT",
      "optional": true,
      "peerDependencies": {
        "@types/emscripten": "^1.40.0"
      },
      "peerDependenciesMeta": {
        "@types/emscripten": {
          "optional": true
        }
      }
    }
  }
}
